
Microsoft Visual Studio Solution File, Format Version 12.00
# Visual Studio Version 17
VisualStudioVersion = 17.10.35201.131
MinimumVisualStudioVersion = 10.0.40219.1
Project("{FAE04EC0-301F-11D3-BF4B-00C04F79EFBC}") = "PracticeProblems", "PracticeProblems\PracticeProblems.csproj", "{18E84ACA-FA6B-4A7B-853B-021E76EB3157}"
EndProject
Global
	GlobalSection(SolutionConfigurationPlatforms) = preSolution
		Debug|Any CPU = Debug|Any CPU
		Release|Any CPU = Release|Any CPU
	EndGlobalSection
	GlobalSection(ProjectConfigurationPlatforms) = postSolution
		{18E84ACA-FA6B-4A7B-853B-021E76EB3157}.Debug|Any CPU.ActiveCfg = Debug|Any CPU
		{18E84ACA-FA6B-4A7B-853B-021E76EB3157}.Debug|Any CPU.Build.0 = Debug|Any CPU
		{18E84ACA-FA6B-4A7B-853B-021E76EB3157}.Release|Any CPU.ActiveCfg = Release|Any CPU
		{18E84ACA-FA6B-4A7B-853B-021E76EB3157}.Release|Any CPU.Build.0 = Release|Any CPU
	EndGlobalSection
	GlobalSection(SolutionProperties) = preSolution
		HideSolutionNode = FALSE
	EndGlobalSection
	GlobalSection(ExtensibilityGlobals) = postSolution
		SolutionGuid = {2172AE34-03AC-42FB-B84D-EF132A89DC3F}
	EndGlobalSection
EndGlobal
